
Microsoft Visual Studio Solution File, Format Version 12.00
# Visual Studio 2013
VisualStudioVersion = 12.0.21005.1
MinimumVisualStudioVersion = 10.0.40219.1
Project("{FAE04EC0-301F-11D3-BF4B-00C04F79EFBC}") = "CSsystem", "CSsystem\CSsystem.csproj", "{A09CA060-5069-4250-A709-3B9DC3665D25}"
EndProject
Project("{FAE04EC0-301F-11D3-BF4B-00C04F79EFBC}") = "DBE", "D:\win7我的文档-桌面-收藏夹\Desktop\c#\15551102099-黄嘉铭\DBE\DBE\DBE.csproj", "{6F615455-2DEB-4858-8492-083999DFE74F}"
EndProject
Global
	GlobalSection(SolutionConfigurationPlatforms) = preSolution
		Debug|Any CPU = Debug|Any CPU
		Release|Any CPU = Release|Any CPU
	EndGlobalSection
	GlobalSection(ProjectConfigurationPlatforms) = postSolution
		{A09CA060-5069-4250-A709-3B9DC3665D25}.Debug|Any CPU.ActiveCfg = Debug|Any CPU
		{A09CA060-5069-4250-A709-3B9DC3665D25}.Debug|Any CPU.Build.0 = Debug|Any CPU
		{A09CA060-5069-4250-A709-3B9DC3665D25}.Release|Any CPU.ActiveCfg = Release|Any CPU
		{A09CA060-5069-4250-A709-3B9DC3665D25}.Release|Any CPU.Build.0 = Release|Any CPU
		{6F615455-2DEB-4858-8492-083999DFE74F}.Debug|Any CPU.ActiveCfg = Debug|Any CPU
		{6F615455-2DEB-4858-8492-083999DFE74F}.Debug|Any CPU.Build.0 = Debug|Any CPU
		{6F615455-2DEB-4858-8492-083999DFE74F}.Release|Any CPU.ActiveCfg = Release|Any CPU
		{6F615455-2DEB-4858-8492-083999DFE74F}.Release|Any CPU.Build.0 = Release|Any CPU
	EndGlobalSection
	GlobalSection(SolutionProperties) = preSolution
		HideSolutionNode = FALSE
	EndGlobalSection
EndGlobal
